// !$*UTF8*$!
{
	archiveVersion = 1;
	classes = {
	};
	objectVersion = 51;
	objects = {

/* Begin PBXBuildFile section */
		3BAFD3871F4433DB015D9021 /* Pods_Axian.framework in Frameworks */ = {isa = PBXBuildFile; fileRef = 25F5EE1BDB58B6CD6BC43991 /* Pods_Axian.framework */; };
		8465C28A24A78BFB0044CCB5 /* AppDelegate.swift in Sources */ = {isa = PBXBuildFile; fileRef = 8465C28924A78BFB0044CCB5 /* AppDelegate.swift */; };
		8465C28C24A78BFB0044CCB5 /* SceneDelegate.swift in Sources */ = {isa = PBXBuildFile; fileRef = 8465C28B24A78BFB0044CCB5 /* SceneDelegate.swift */; };
		8465C28E24A78BFB0044CCB5 /* ViewController.swift in Sources */ = {isa = PBXBuildFile; fileRef = 8465C28D24A78BFB0044CCB5 /* ViewController.swift */; };
		8465C29124A78BFC0044CCB5 /* Main.storyboard in Resources */ = {isa = PBXBuildFile; fileRef = 8465C28F24A78BFC0044CCB5 /* Main.storyboard */; };
		8465C29324A78C000044CCB5 /* Assets.xcassets in Resources */ = {isa = PBXBuildFile; fileRef = 8465C29224A78C000044CCB5 /* Assets.xcassets */; };
		8465C29624A78C000044CCB5 /* LaunchScreen.storyboard in Resources */ = {isa = PBXBuildFile; fileRef = 8465C29424A78C000044CCB5 /* LaunchScreen.storyboard */; };
		8465C2A224A78D080044CCB5 /* SearchViewController.storyboard in Resources */ = {isa = PBXBuildFile; fileRef = 8465C2A124A78D080044CCB5 /* SearchViewController.storyboard */; };
		8465C2A424A78DE70044CCB5 /* ProductCell.swift in Sources */ = {isa = PBXBuildFile; fileRef = 8465C2A324A78DE70044CCB5 /* ProductCell.swift */; };
		8465C2A624A78E250044CCB5 /* SearchViewController.swift in Sources */ = {isa = PBXBuildFile; fileRef = 8465C2A524A78E250044CCB5 /* SearchViewController.swift */; };
		8465C2AC24A78EC20044CCB5 /* ProductStruct.swift in Sources */ = {isa = PBXBuildFile; fileRef = 8465C2AB24A78EC20044CCB5 /* ProductStruct.swift */; };
		8465C2AE24A79A650044CCB5 /* API.swift in Sources */ = {isa = PBXBuildFile; fileRef = 8465C2AD24A79A650044CCB5 /* API.swift */; };
		8465C2B024A7C04A0044CCB5 /* Kingfisher.framework in Frameworks */ = {isa = PBXBuildFile; fileRef = 8465C2AF24A7C0490044CCB5 /* Kingfisher.framework */; };
/* End PBXBuildFile section */

/* Begin PBXFileReference section */
		25F5EE1BDB58B6CD6BC43991 /* Pods_Axian.framework */ = {isa = PBXFileReference; explicitFileType = wrapper.framework; includeInIndex = 0; path = Pods_Axian.framework; sourceTree = BUILT_PRODUCTS_DIR; };
		6B87357F9BBCEDD962D717B8 /* Pods-Axian.debug.xcconfig */ = {isa = PBXFileReference; includeInIndex = 1; lastKnownFileType = text.xcconfig; name = "Pods-Axian.debug.xcconfig"; path = "Target Support Files/Pods-Axian/Pods-Axian.debug.xcconfig"; sourceTree = "<group>"; };
		8465C28624A78BFB0044CCB5 /* Axian.app */ = {isa = PBXFileReference; explicitFileType = wrapper.application; includeInIndex = 0; path = Axian.app; sourceTree = BUILT_PRODUCTS_DIR; };
		8465C28924A78BFB0044CCB5 /* AppDelegate.swift */ = {isa = PBXFileReference; lastKnownFileType = sourcecode.swift; path = AppDelegate.swift; sourceTree = "<group>"; };
		8465C28B24A78BFB0044CCB5 /* SceneDelegate.swift */ = {isa = PBXFileReference; lastKnownFileType = sourcecode.swift; path = SceneDelegate.swift; sourceTree = "<group>"; };
		8465C28D24A78BFB0044CCB5 /* ViewController.swift */ = {isa = PBXFileReference; lastKnownFileType = sourcecode.swift; path = ViewController.swift; sourceTree = "<group>"; };
		8465C29024A78BFC0044CCB5 /* Base */ = {isa = PBXFileReference; lastKnownFileType = file.storyboard; name = Base; path = Base.lproj/Main.storyboard; sourceTree = "<group>"; };
		8465C29224A78C000044CCB5 /* Assets.xcassets */ = {isa = PBXFileReference; lastKnownFileType = folder.assetcatalog; path = Assets.xcassets; sourceTree = "<group>"; };
		8465C29524A78C000044CCB5 /* Base */ = {isa = PBXFileReference; lastKnownFileType = file.storyboard; name = Base; path = Base.lproj/LaunchScreen.storyboard; sourceTree = "<group>"; };
		8465C29724A78C000044CCB5 /* Info.plist */ = {isa = PBXFileReference; lastKnownFileType = text.plist.xml; path = Info.plist; sourceTree = "<group>"; };
		8465C2A124A78D080044CCB5 /* SearchViewController.storyboard */ = {isa = PBXFileReference; lastKnownFileType = file.storyboard; path = SearchViewController.storyboard; sourceTree = "<group>"; };
		8465C2A324A78DE70044CCB5 /* ProductCell.swift */ = {isa = PBXFileReference; lastKnownFileType = sourcecode.swift; path = ProductCell.swift; sourceTree = "<group>"; };
		8465C2A524A78E250044CCB5 /* SearchViewController.swift */ = {isa = PBXFileReference; lastKnownFileType = sourcecode.swift; path = SearchViewController.swift; sourceTree = "<group>"; };
		8465C2AB24A78EC20044CCB5 /* ProductStruct.swift */ = {isa = PBXFileReference; lastKnownFileType = sourcecode.swift; path = ProductStruct.swift; sourceTree = "<group>"; };
		8465C2AD24A79A650044CCB5 /* API.swift */ = {isa = PBXFileReference; lastKnownFileType = sourcecode.swift; path = API.swift; sourceTree = "<group>"; };
		8465C2AF24A7C0490044CCB5 /* Kingfisher.framework */ = {isa = PBXFileReference; explicitFileType = wrapper.framework; path = Kingfisher.framework; sourceTree = BUILT_PRODUCTS_DIR; };
		8EF6321364FF6DE244A2D8E3 /* Pods-Axian.release.xcconfig */ = {isa = PBXFileReference; includeInIndex = 1; lastKnownFileType = text.xcconfig; name = "Pods-Axian.release.xcconfig"; path = "Target Support Files/Pods-Axian/Pods-Axian.release.xcconfig"; sourceTree = "<group>"; };
/* End PBXFileReference section */

/* Begin PBXFrameworksBuildPhase section */
		8465C28324A78BFB0044CCB5 /* Frameworks */ = {
			isa = PBXFrameworksBuildPhase;
			buildActionMask = 2147483647;
			files = (
				8465C2B024A7C04A0044CCB5 /* Kingfisher.framework in Frameworks */,
				3BAFD3871F4433DB015D9021 /* Pods_Axian.framework in Frameworks */,
			);
			runOnlyForDeploymentPostprocessing = 0;
		};
/* End PBXFrameworksBuildPhase section */

/* Begin PBXGroup section */
		4EC48ECED43F5D88F40627B6 /* Pods */ = {
			isa = PBXGroup;
			children = (
				6B87357F9BBCEDD962D717B8 /* Pods-Axian.debug.xcconfig */,
				8EF6321364FF6DE244A2D8E3 /* Pods-Axian.release.xcconfig */,
			);
			path = Pods;
			sourceTree = "<group>";
		};
		8465C27D24A78BFB0044CCB5 = {
			isa = PBXGroup;
			children = (
				8465C28824A78BFB0044CCB5 /* Axian */,
				8465C28724A78BFB0044CCB5 /* Products */,
				4EC48ECED43F5D88F40627B6 /* Pods */,
				D17ECBBA95D095F3292AEF85 /* Frameworks */,
			);
			sourceTree = "<group>";
		};
		8465C28724A78BFB0044CCB5 /* Products */ = {
			isa = PBXGroup;
			children = (
				8465C28624A78BFB0044CCB5 /* Axian.app */,
			);
			name = Products;
			sourceTree = "<group>";
		};
		8465C28824A78BFB0044CCB5 /* Axian */ = {
			isa = PBXGroup;
			children = (
				8465C2A924A78E7C0044CCB5 /* WebService */,
				8465C29D24A78CC40044CCB5 /* SearchViewController */,
				8465C28924A78BFB0044CCB5 /* AppDelegate.swift */,
				8465C28B24A78BFB0044CCB5 /* SceneDelegate.swift */,
				8465C28D24A78BFB0044CCB5 /* ViewController.swift */,
				8465C28F24A78BFC0044CCB5 /* Main.storyboard */,
				8465C29224A78C000044CCB5 /* Assets.xcassets */,
				8465C29424A78C000044CCB5 /* LaunchScreen.storyboard */,
				8465C29724A78C000044CCB5 /* Info.plist */,
			);
			path = Axian;
			sourceTree = "<group>";
		};
		8465C29D24A78CC40044CCB5 /* SearchViewController */ = {
			isa = PBXGroup;
			children = (
				8465C2A024A78CE90044CCB5 /* View */,
				8465C29F24A78CE40044CCB5 /* Model */,
				8465C29E24A78CDB0044CCB5 /* Controller */,
			);
			path = SearchViewController;
			sourceTree = "<group>";
		};
		8465C29E24A78CDB0044CCB5 /* Controller */ = {
			isa = PBXGroup;
			children = (
				8465C2A524A78E250044CCB5 /* SearchViewController.swift */,
			);
			path = Controller;
			sourceTree = "<group>";
		};
		8465C29F24A78CE40044CCB5 /* Model */ = {
			isa = PBXGroup;
			children = (
				8465C2A324A78DE70044CCB5 /* ProductCell.swift */,
			);
			path = Model;
			sourceTree = "<group>";
		};
		8465C2A024A78CE90044CCB5 /* View */ = {
			isa = PBXGroup;
			children = (
				8465C2A124A78D080044CCB5 /* SearchViewController.storyboard */,
			);
			path = View;
			sourceTree = "<group>";
		};
		8465C2A924A78E7C0044CCB5 /* WebService */ = {
			isa = PBXGroup;
			children = (
				8465C2AA24A78EA80044CCB5 /* SearchViewController */,
				8465C2AD24A79A650044CCB5 /* API.swift */,
			);
			path = WebService;
			sourceTree = "<group>";
		};
		8465C2AA24A78EA80044CCB5 /* SearchViewController */ = {
			isa = PBXGroup;
			children = (
				8465C2AB24A78EC20044CCB5 /* ProductStruct.swift */,
			);
			path = SearchViewController;
			sourceTree = "<group>";
		};
		D17ECBBA95D095F3292AEF85 /* Frameworks */ = {
			isa = PBXGroup;
			children = (
				8465C2AF24A7C0490044CCB5 /* Kingfisher.framework */,
				25F5EE1BDB58B6CD6BC43991 /* Pods_Axian.framework */,
			);
			name = Frameworks;
			sourceTree = "<group>";
		};
/* End PBXGroup section */

/* Begin PBXNativeTarget section */
		8465C28524A78BFB0044CCB5 /* Axian */ = {
			isa = PBXNativeTarget;
			buildConfigurationList = 8465C29A24A78C000044CCB5 /* Build configuration list for PBXNativeTarget "Axian" */;
			buildPhases = (
				111611B43EDFBFFD0907EB02 /* [CP] Check Pods Manifest.lock */,
				8465C28224A78BFB0044CCB5 /* Sources */,
				8465C28324A78BFB0044CCB5 /* Frameworks */,
				8465C28424A78BFB0044CCB5 /* Resources */,
				92771EF34B005EEF46A11F73 /* [CP] Embed Pods Frameworks */,
			);
			buildRules = (
			);
			dependencies = (
			);
			name = Axian;
			productName = Axian;
			productReference = 8465C28624A78BFB0044CCB5 /* Axian.app */;
			productType = "com.apple.product-type.application";
		};
/* End PBXNativeTarget section */

/* Begin PBXProject section */
		8465C27E24A78BFB0044CCB5 /* Project object */ = {
			isa = PBXProject;
			attributes = {
				LastSwiftUpdateCheck = 1150;
				LastUpgradeCheck = 1150;
				ORGANIZATIONNAME = Admin;
				TargetAttributes = {
					8465C28524A78BFB0044CCB5 = {
						CreatedOnToolsVersion = 11.5;
					};
				};
			};
			buildConfigurationList = 8465C28124A78BFB0044CCB5 /* Build configuration list for PBXProject "Axian" */;
			compatibilityVersion = "Xcode 9.3";
			developmentRegion = en;
			hasScannedForEncodings = 0;
			knownRegions = (
				en,
				Base,
			);
			mainGroup = 8465C27D24A78BFB0044CCB5;
			productRefGroup = 8465C28724A78BFB0044CCB5 /* Products */;
			projectDirPath = "";
			projectRoot = "";
			targets = (
				8465C28524A78BFB0044CCB5 /* Axian */,
			);
		};
/* End PBXProject section */

/* Begin PBXResourcesBuildPhase section */
		8465C28424A78BFB0044CCB5 /* Resources */ = {
			isa = PBXResourcesBuildPhase;
			buildActionMask = 2147483647;
			files = (
				8465C29624A78C000044CCB5 /* LaunchScreen.storyboard in Resources */,
				8465C29324A78C000044CCB5 /* Assets.xcassets in Resources */,
				8465C29124A78BFC0044CCB5 /* Main.storyboard in Resources */,
				8465C2A224A78D080044CCB5 /* SearchViewController.storyboard in Resources */,
			);
			runOnlyForDeploymentPostprocessing = 0;
		};
/* End PBXResourcesBuildPhase section */

/* Begin PBXShellScriptBuildPhase section */
		111611B43EDFBFFD0907EB02 /* [CP] Check Pods Manifest.lock */ = {
			isa = PBXShellScriptBuildPhase;
			buildActionMask = 2147483647;
			files = (
			);
			inputFileListPaths = (
			);
			inputPaths = (
				"${PODS_PODFILE_DIR_PATH}/Podfile.lock",
				"${PODS_ROOT}/Manifest.lock",
			);
			name = "[CP] Check Pods Manifest.lock";
			outputFileListPaths = (
			);
			outputPaths = (
				"$(DERIVED_FILE_DIR)/Pods-Axian-checkManifestLockResult.txt",
			);
			runOnlyForDeploymentPostprocessing = 0;
			shellPath = /bin/sh;
			shellScript = "diff \"${PODS_PODFILE_DIR_PATH}/Podfile.lock\" \"${PODS_ROOT}/Manifest.lock\" > /dev/null\nif [ $? != 0 ] ; then\n    # print error to STDERR\n    echo \"error: The sandbox is not in sync with the Podfile.lock. Run 'pod install' or update your CocoaPods installation.\" >&2\n    exit 1\nfi\n# This output is used by Xcode 'outputs' to avoid re-running this script phase.\necho \"SUCCESS\" > \"${SCRIPT_OUTPUT_FILE_0}\"\n";
			showEnvVarsInLog = 0;
		};
		92771EF34B005EEF46A11F73 /* [CP] Embed Pods Frameworks */ = {
			isa = PBXShellScriptBuildPhase;
			buildActionMask = 2147483647;
			files = (
			);
			inputFileListPaths = (
				"${PODS_ROOT}/Target Support Files/Pods-Axian/Pods-Axian-frameworks-${CONFIGURATION}-input-files.xcfilelist",
			);
			name = "[CP] Embed Pods Frameworks";
			outputFileListPaths = (
				"${PODS_ROOT}/Target Support Files/Pods-Axian/Pods-Axian-frameworks-${CONFIGURATION}-output-files.xcfilelist",
			);
			runOnlyForDeploymentPostprocessing = 0;
			shellPath = /bin/sh;
			shellScript = "\"${PODS_ROOT}/Target Support Files/Pods-Axian/Pods-Axian-frameworks.sh\"\n";
			showEnvVarsInLog = 0;
		};
/* End PBXShellScriptBuildPhase section */

/* Begin PBXSourcesBuildPhase section */
		8465C28224A78BFB0044CCB5 /* Sources */ = {
			isa = PBXSourcesBuildPhase;
			buildActionMask = 2147483647;
			files = (
				8465C2A624A78E250044CCB5 /* SearchViewController.swift in Sources */,
				8465C28E24A78BFB0044CCB5 /* ViewController.swift in Sources */,
				8465C2A424A78DE70044CCB5 /* ProductCell.swift in Sources */,
				8465C28A24A78BFB0044CCB5 /* AppDelegate.swift in Sources */,
				8465C2AC24A78EC20044CCB5 /* ProductStruct.swift in Sources */,
				8465C28C24A78BFB0044CCB5 /* SceneDelegate.swift in Sources */,
				8465C2AE24A79A650044CCB5 /* API.swift in Sources */,
			);
			runOnlyForDeploymentPostprocessing = 0;
		};
/* End PBXSourcesBuildPhase section */

/* Begin PBXVariantGroup section */
		8465C28F24A78BFC0044CCB5 /* Main.storyboard */ = {
			isa = PBXVariantGroup;
			children = (
				8465C29024A78BFC0044CCB5 /* Base */,
			);
			name = Main.storyboard;
			sourceTree = "<group>";
		};
		8465C29424A78C000044CCB5 /* LaunchScreen.storyboard */ = {
			isa = PBXVariantGroup;
			children = (
				8465C29524A78C000044CCB5 /* Base */,
			);
			name = LaunchScreen.storyboard;
			sourceTree = "<group>";
		};
/* End PBXVariantGroup section */

/* Begin XCBuildConfiguration section */
		8465C29824A78C000044CCB5 /* Debug */ = {
			isa = XCBuildConfiguration;
			buildSettings = {
				ALWAYS_SEARCH_USER_PATHS = NO;
				CLANG_ANALYZER_NONNULL = YES;
				CLANG_ANALYZER_NUMBER_OBJECT_CONVERSION = YES_AGGRESSIVE;
				CLANG_CXX_LANGUAGE_STANDARD = "gnu++14";
				CLANG_CXX_LIBRARY = "libc++";
				CLANG_ENABLE_MODULES = YES;
				CLANG_ENABLE_OBJC_ARC = YES;
				CLANG_ENABLE_OBJC_WEAK = YES;
				CLANG_WARN_BLOCK_CAPTURE_AUTORELEASING = YES;
				CLANG_WARN_BOOL_CONVERSION = YES;
				CLANG_WARN_COMMA = YES;
				CLANG_WARN_CONSTANT_CONVERSION = YES;
				CLANG_WARN_DEPRECATED_OBJC_IMPLEMENTATIONS = YES;
				CLANG_WARN_DIRECT_OBJC_ISA_USAGE = YES_ERROR;
				CLANG_WARN_DOCUMENTATION_COMMENTS = YES;
				CLANG_WARN_EMPTY_BODY = YES;
				CLANG_WARN_ENUM_CONVERSION = YES;
				CLANG_WARN_INFINITE_RECURSION = YES;
				CLANG_WARN_INT_CONVERSION = YES;
				CLANG_WARN_NON_LITERAL_NULL_CONVERSION = YES;
				CLANG_WARN_OBJC_IMPLICIT_RETAIN_SELF = YES;
				CLANG_WARN_OBJC_LITERAL_CONVERSION = YES;
				CLANG_WARN_OBJC_ROOT_CLASS = YES_ERROR;
				CLANG_WARN_RANGE_LOOP_ANALYSIS = YES;
				CLANG_WARN_STRICT_PROTOTYPES = YES;
				CLANG_WARN_SUSPICIOUS_MOVE = YES;
				CLANG_WARN_UNGUARDED_AVAILABILITY = YES_AGGRESSIVE;
				CLANG_WARN_UNREACHABLE_CODE = YES;
				CLANG_WARN__DUPLICATE_METHOD_MATCH = YES;
				COPY_PHASE_STRIP = NO;
				DEBUG_INFORMATION_FORMAT = dwarf;
				ENABLE_STRICT_OBJC_MSGSEND = YES;
				ENABLE_TESTABILITY = YES;
				GCC_C_LANGUAGE_STANDARD = gnu11;
				GCC_DYNAMIC_NO_PIC = NO;
				GCC_NO_COMMON_BLOCKS = YES;
				GCC_OPTIMIZATION_LEVEL = 0;
				GCC_PREPROCESSOR_DEFINITIONS = (
					"DEBUG=1",
					"$(inherited)",
				);
				GCC_WARN_64_TO_32_BIT_CONVERSION = YES;
				GCC_WARN_ABOUT_RETURN_TYPE = YES_ERROR;
				GCC_WARN_UNDECLARED_SELECTOR = YES;
				GCC_WARN_UNINITIALIZED_AUTOS = YES_AGGRESSIVE;
				GCC_WARN_UNUSED_FUNCTION = YES;
				GCC_WARN_UNUSED_VARIABLE = YES;
				IPHONEOS_DEPLOYMENT_TARGET = 13.5;
				MTL_ENABLE_DEBUG_INFO = INCLUDE_SOURCE;
				MTL_FAST_MATH = YES;
				ONLY_ACTIVE_ARCH = YES;
				SDKROOT = iphoneos;
				SWIFT_ACTIVE_COMPILATION_CONDITIONS = DEBUG;
				SWIFT_OPTIMIZATION_LEVEL = "-Onone";
			};
			name = Debug;
		};
		8465C29924A78C000044CCB5 /* Release */ = {
			isa = XCBuildConfiguration;
			buildSettings = {
				ALWAYS_SEARCH_USER_PATHS = NO;
				CLANG_ANALYZER_NONNULL = YES;
				CLANG_ANALYZER_NUMBER_OBJECT_CONVERSION = YES_AGGRESSIVE;
				CLANG_CXX_LANGUAGE_STANDARD = "gnu++14";
				CLANG_CXX_LIBRARY = "libc++";
				CLANG_ENABLE_MODULES = YES;
				CLANG_ENABLE_OBJC_ARC = YES;
				CLANG_ENABLE_OBJC_WEAK = YES;
				CLANG_WARN_BLOCK_CAPTURE_AUTORELEASING = YES;
				CLANG_WARN_BOOL_CONVERSION = YES;
				CLANG_WARN_COMMA = YES;
				CLANG_WARN_CONSTANT_CONVERSION = YES;
				CLANG_WARN_DEPRECATED_OBJC_IMPLEMENTATIONS = YES;
				CLANG_WARN_DIRECT_OBJC_ISA_USAGE = YES_ERROR;
				CLANG_WARN_DOCUMENTATION_COMMENTS = YES;
				CLANG_WARN_EMPTY_BODY = YES;
				CLANG_WARN_ENUM_CONVERSION = YES;
				CLANG_WARN_INFINITE_RECURSION = YES;
				CLANG_WARN_INT_CONVERSION = YES;
				CLANG_WARN_NON_LITERAL_NULL_CONVERSION = YES;
				CLANG_WARN_OBJC_IMPLICIT_RETAIN_SELF = YES;
				CLANG_WARN_OBJC_LITERAL_CONVERSION = YES;
				CLANG_WARN_OBJC_ROOT_CLASS = YES_ERROR;
				CLANG_WARN_RANGE_LOOP_ANALYSIS = YES;
				CLANG_WARN_STRICT_PROTOTYPES = YES;
				CLANG_WARN_SUSPICIOUS_MOVE = YES;
				CLANG_WARN_UNGUARDED_AVAILABILITY = YES_AGGRESSIVE;
				CLANG_WARN_UNREACHABLE_CODE = YES;
				CLANG_WARN__DUPLICATE_METHOD_MATCH = YES;
				COPY_PHASE_STRIP = NO;
				DEBUG_INFORMATION_FORMAT = "dwarf-with-dsym";
				ENABLE_NS_ASSERTIONS = NO;
				ENABLE_STRICT_OBJC_MSGSEND = YES;
				GCC_C_LANGUAGE_STANDARD = gnu11;
				GCC_NO_COMMON_BLOCKS = YES;
				GCC_WARN_64_TO_32_BIT_CONVERSION = YES;
				GCC_WARN_ABOUT_RETURN_TYPE = YES_ERROR;
				GCC_WARN_UNDECLARED_SELECTOR = YES;
				GCC_WARN_UNINITIALIZED_AUTOS = YES_AGGRESSIVE;
				GCC_WARN_UNUSED_FUNCTION = YES;
				GCC_WARN_UNUSED_VARIABLE = YES;
				IPHONEOS_DEPLOYMENT_TARGET = 13.5;
				MTL_ENABLE_DEBUG_INFO = NO;
				MTL_FAST_MATH = YES;
				SDKROOT = iphoneos;
				SWIFT_COMPILATION_MODE = wholemodule;
				SWIFT_OPTIMIZATION_LEVEL = "-O";
				VALIDATE_PRODUCT = YES;
			};
			name = Release;
		};
		8465C29B24A78C000044CCB5 /* Debug */ = {
			isa = XCBuildConfiguration;
			baseConfigurationReference = 6B87357F9BBCEDD962D717B8 /* Pods-Axian.debug.xcconfig */;
			buildSettings = {
				ASSETCATALOG_COMPILER_APPICON_NAME = AppIcon;
				CODE_SIGN_STYLE = Automatic;
				INFOPLIST_FILE = Axian/Info.plist;
				LD_RUNPATH_SEARCH_PATHS = (
					"$(inherited)",
					"@executable_path/Frameworks",
				);
				PRODUCT_BUNDLE_IDENTIFIER = Angel.Axian;
				PRODUCT_NAME = "$(TARGET_NAME)";
				SWIFT_VERSION = 5.0;
				TARGETED_DEVICE_FAMILY = 1;
			};
			name = Debug;
		};
		8465C29C24A78C000044CCB5 /* Release */ = {
			isa = XCBuildConfiguration;
			baseConfigurationReference = 8EF6321364FF6DE244A2D8E3 /* Pods-Axian.release.xcconfig */;
			buildSettings = {
				ASSETCATALOG_COMPILER_APPICON_NAME = AppIcon;
				CODE_SIGN_STYLE = Automatic;
				INFOPLIST_FILE = Axian/Info.plist;
				LD_RUNPATH_SEARCH_PATHS = (
					"$(inherited)",
					"@executable_path/Frameworks",
				);
				PRODUCT_BUNDLE_IDENTIFIER = Angel.Axian;
				PRODUCT_NAME = "$(TARGET_NAME)";
				SWIFT_VERSION = 5.0;
				TARGETED_DEVICE_FAMILY = 1;
			};
			name = Release;
		};
/* End XCBuildConfiguration section */

/* Begin XCConfigurationList section */
		8465C28124A78BFB0044CCB5 /* Build configuration list for PBXProject "Axian" */ = {
			isa = XCConfigurationList;
			buildConfigurations = (
				8465C29824A78C000044CCB5 /* Debug */,
				8465C29924A78C000044CCB5 /* Release */,
			);
			defaultConfigurationIsVisible = 0;
			defaultConfigurationName = Release;
		};
		8465C29A24A78C000044CCB5 /* Build configuration list for PBXNativeTarget "Axian" */ = {
			isa = XCConfigurationList;
			buildConfigurations = (
				8465C29B24A78C000044CCB5 /* Debug */,
				8465C29C24A78C000044CCB5 /* Release */,
			);
			defaultConfigurationIsVisible = 0;
			defaultConfigurationName = Release;
		};
/* End XCConfigurationList section */
	};
	rootObject = 8465C27E24A78BFB0044CCB5 /* Project object */;
}
